
Microsoft Visual Studio Solution File, Format Version 12.00
# Visual Studio 2013
VisualStudioVersion = 12.0.31101.0
MinimumVisualStudioVersion = 10.0.40219.1
Project("{FAE04EC0-301F-11D3-BF4B-00C04F79EFBC}") = "BauTwitter", "BauTwitter\BauTwitter.csproj", "{274518EA-4A76-4BC6-BBDA-141493B7BC60}"
EndProject
Project("{FAE04EC0-301F-11D3-BF4B-00C04F79EFBC}") = "LibTwitter", "LibTwitter\LibTwitter.csproj", "{DA2A9876-1433-4537-BAD0-D935A0D5CB57}"
EndProject
Project("{FAE04EC0-301F-11D3-BF4B-00C04F79EFBC}") = "BauControls", "BauControls\BauControls.csproj", "{F62C525C-5A46-46E1-BD18-450ACAF06E26}"
EndProject
Project("{FAE04EC0-301F-11D3-BF4B-00C04F79EFBC}") = "LibHelper", "LibHelper\LibHelper.csproj", "{D9E2DC6B-3E54-421F-9231-A4F3A799BC4C}"
EndProject
Project("{FAE04EC0-301F-11D3-BF4B-00C04F79EFBC}") = "WebExplorer", "WebExplorer\WebExplorer.csproj", "{651488E0-8BBD-4BDE-918C-909EA494E2C3}"
EndProject
Project("{2150E333-8FDC-42A3-9474-1A3956D46DE8}") = "Controls", "Controls", "{4C923443-35A1-45F3-A950-B1F7224D61FC}"
EndProject
Project("{2150E333-8FDC-42A3-9474-1A3956D46DE8}") = "Libraries", "Libraries", "{B604E346-D445-45FC-BF10-343A1BE51E1D}"
EndProject
Project("{FAE04EC0-301F-11D3-BF4B-00C04F79EFBC}") = "LibMarkupLanguage", "LibMarkupLanguage\LibMarkupLanguage.csproj", "{2A1F0E6C-73CE-406F-9ED4-879653E19346}"
EndProject
Project("{FAE04EC0-301F-11D3-BF4B-00C04F79EFBC}") = "LibRest", "LibRest\LibRest.csproj", "{4CC97E0A-8D90-4E04-9E1B-3DA0C467708F}"
EndProject
Project("{2150E333-8FDC-42A3-9474-1A3956D46DE8}") = "Common", "Common", "{126E983D-86F7-4D80-B50B-1959F6A92410}"
EndProject
Project("{2150E333-8FDC-42A3-9474-1A3956D46DE8}") = "Communications", "Communications", "{928163D1-DEF7-420E-B936-483E8C7911A1}"
EndProject
Global
	GlobalSection(SolutionConfigurationPlatforms) = preSolution
		Debug|Any CPU = Debug|Any CPU
		Release|Any CPU = Release|Any CPU
	EndGlobalSection
	GlobalSection(ProjectConfigurationPlatforms) = postSolution
		{274518EA-4A76-4BC6-BBDA-141493B7BC60}.Debug|Any CPU.ActiveCfg = Debug|Any CPU
		{274518EA-4A76-4BC6-BBDA-141493B7BC60}.Debug|Any CPU.Build.0 = Debug|Any CPU
		{274518EA-4A76-4BC6-BBDA-141493B7BC60}.Release|Any CPU.ActiveCfg = Release|Any CPU
		{274518EA-4A76-4BC6-BBDA-141493B7BC60}.Release|Any CPU.Build.0 = Release|Any CPU
		{DA2A9876-1433-4537-BAD0-D935A0D5CB57}.Debug|Any CPU.ActiveCfg = Debug|Any CPU
		{DA2A9876-1433-4537-BAD0-D935A0D5CB57}.Debug|Any CPU.Build.0 = Debug|Any CPU
		{DA2A9876-1433-4537-BAD0-D935A0D5CB57}.Release|Any CPU.ActiveCfg = Release|Any CPU
		{DA2A9876-1433-4537-BAD0-D935A0D5CB57}.Release|Any CPU.Build.0 = Release|Any CPU
		{F62C525C-5A46-46E1-BD18-450ACAF06E26}.Debug|Any CPU.ActiveCfg = Debug|Any CPU
		{F62C525C-5A46-46E1-BD18-450ACAF06E26}.Debug|Any CPU.Build.0 = Debug|Any CPU
		{F62C525C-5A46-46E1-BD18-450ACAF06E26}.Release|Any CPU.ActiveCfg = Release|Any CPU
		{F62C525C-5A46-46E1-BD18-450ACAF06E26}.Release|Any CPU.Build.0 = Release|Any CPU
		{D9E2DC6B-3E54-421F-9231-A4F3A799BC4C}.Debug|Any CPU.ActiveCfg = Debug|Any CPU
		{D9E2DC6B-3E54-421F-9231-A4F3A799BC4C}.Debug|Any CPU.Build.0 = Debug|Any CPU
		{D9E2DC6B-3E54-421F-9231-A4F3A799BC4C}.Release|Any CPU.ActiveCfg = Release|Any CPU
		{D9E2DC6B-3E54-421F-9231-A4F3A799BC4C}.Release|Any CPU.Build.0 = Release|Any CPU
		{651488E0-8BBD-4BDE-918C-909EA494E2C3}.Debug|Any CPU.ActiveCfg = Debug|Any CPU
		{651488E0-8BBD-4BDE-918C-909EA494E2C3}.Debug|Any CPU.Build.0 = Debug|Any CPU
		{651488E0-8BBD-4BDE-918C-909EA494E2C3}.Release|Any CPU.ActiveCfg = Release|Any CPU
		{651488E0-8BBD-4BDE-918C-909EA494E2C3}.Release|Any CPU.Build.0 = Release|Any CPU
		{2A1F0E6C-73CE-406F-9ED4-879653E19346}.Debug|Any CPU.ActiveCfg = Debug|Any CPU
		{2A1F0E6C-73CE-406F-9ED4-879653E19346}.Debug|Any CPU.Build.0 = Debug|Any CPU
		{2A1F0E6C-73CE-406F-9ED4-879653E19346}.Release|Any CPU.ActiveCfg = Release|Any CPU
		{2A1F0E6C-73CE-406F-9ED4-879653E19346}.Release|Any CPU.Build.0 = Release|Any CPU
		{4CC97E0A-8D90-4E04-9E1B-3DA0C467708F}.Debug|Any CPU.ActiveCfg = Debug|Any CPU
		{4CC97E0A-8D90-4E04-9E1B-3DA0C467708F}.Debug|Any CPU.Build.0 = Debug|Any CPU
		{4CC97E0A-8D90-4E04-9E1B-3DA0C467708F}.Release|Any CPU.ActiveCfg = Release|Any CPU
		{4CC97E0A-8D90-4E04-9E1B-3DA0C467708F}.Release|Any CPU.Build.0 = Release|Any CPU
	EndGlobalSection
	GlobalSection(SolutionProperties) = preSolution
		HideSolutionNode = FALSE
	EndGlobalSection
	GlobalSection(NestedProjects) = preSolution
		{DA2A9876-1433-4537-BAD0-D935A0D5CB57} = {928163D1-DEF7-420E-B936-483E8C7911A1}
		{F62C525C-5A46-46E1-BD18-450ACAF06E26} = {4C923443-35A1-45F3-A950-B1F7224D61FC}
		{D9E2DC6B-3E54-421F-9231-A4F3A799BC4C} = {126E983D-86F7-4D80-B50B-1959F6A92410}
		{651488E0-8BBD-4BDE-918C-909EA494E2C3} = {4C923443-35A1-45F3-A950-B1F7224D61FC}
		{2A1F0E6C-73CE-406F-9ED4-879653E19346} = {126E983D-86F7-4D80-B50B-1959F6A92410}
		{4CC97E0A-8D90-4E04-9E1B-3DA0C467708F} = {928163D1-DEF7-420E-B936-483E8C7911A1}
		{126E983D-86F7-4D80-B50B-1959F6A92410} = {B604E346-D445-45FC-BF10-343A1BE51E1D}
		{928163D1-DEF7-420E-B936-483E8C7911A1} = {B604E346-D445-45FC-BF10-343A1BE51E1D}
	EndGlobalSection
EndGlobal
